
Microsoft Visual Studio Solution File, Format Version 12.00
# Visual Studio Version 17
VisualStudioVersion = 17.8.34330.188
MinimumVisualStudioVersion = 10.0.40219.1
Project("{9A19103F-16F7-4668-BE54-9A1E7A4F7556}") = "BenchMarkLib", "BenchMarkLib\BenchMarkLib.csproj", "{9B9CFB84-22B2-4909-AED3-E715CEF219F8}"
EndProject
Project("{FAE04EC0-301F-11D3-BF4B-00C04F79EFBC}") = "BenchMarkConsole", "BenchMarkConsole\BenchMarkConsole.csproj", "{0992AB33-9891-4D83-9E9F-B6D011E20F64}"
EndProject
Global
	GlobalSection(SolutionConfigurationPlatforms) = preSolution
		Debug|Any CPU = Debug|Any CPU
		Release|Any CPU = Release|Any CPU
	EndGlobalSection
	GlobalSection(ProjectConfigurationPlatforms) = postSolution
		{9B9CFB84-22B2-4909-AED3-E715CEF219F8}.Debug|Any CPU.ActiveCfg = Debug|Any CPU
		{9B9CFB84-22B2-4909-AED3-E715CEF219F8}.Debug|Any CPU.Build.0 = Debug|Any CPU
		{9B9CFB84-22B2-4909-AED3-E715CEF219F8}.Release|Any CPU.ActiveCfg = Release|Any CPU
		{9B9CFB84-22B2-4909-AED3-E715CEF219F8}.Release|Any CPU.Build.0 = Release|Any CPU
		{0992AB33-9891-4D83-9E9F-B6D011E20F64}.Debug|Any CPU.ActiveCfg = Debug|Any CPU
		{0992AB33-9891-4D83-9E9F-B6D011E20F64}.Debug|Any CPU.Build.0 = Debug|Any CPU
		{0992AB33-9891-4D83-9E9F-B6D011E20F64}.Release|Any CPU.ActiveCfg = Release|Any CPU
		{0992AB33-9891-4D83-9E9F-B6D011E20F64}.Release|Any CPU.Build.0 = Release|Any CPU
	EndGlobalSection
	GlobalSection(SolutionProperties) = preSolution
		HideSolutionNode = FALSE
	EndGlobalSection
	GlobalSection(ExtensibilityGlobals) = postSolution
		SolutionGuid = {E5FEE91D-BEE1-4CE0-8BF1-C0282208918E}
	EndGlobalSection
EndGlobal
